
Microsoft Visual Studio Solution File, Format Version 12.00
# Visual Studio 15
VisualStudioVersion = 15.0.28010.2026
MinimumVisualStudioVersion = 10.0.40219.1
Project("{9A19103F-16F7-4668-BE54-9A1E7A4F7556}") = "Stock.Api", "Stock.Api\Stock.Api.csproj", "{490676AD-1294-43E4-A541-817D8941283E}"
EndProject
Project("{9A19103F-16F7-4668-BE54-9A1E7A4F7556}") = "Stock.Repository", "Stock.Repository\Stock.Repository.csproj", "{760C0AC6-EC0C-48CC-ADCE-BB5236E210D0}"
EndProject
Project("{9A19103F-16F7-4668-BE54-9A1E7A4F7556}") = "Stock.Model", "Stock.Model\Stock.Model.csproj", "{C6B88B73-BAD0-4792-A2E3-CA4B1C492739}"
EndProject
Project("{FAE04EC0-301F-11D3-BF4B-00C04F79EFBC}") = "Stock.AppService", "Stock.AppService\Stock.AppService.csproj", "{EEB274CD-B59E-420C-BF54-1F27B286AE5F}"
EndProject
Project("{FAE04EC0-301F-11D3-BF4B-00C04F79EFBC}") = "Stock.Repository.LiteDb", "Stock.Repository.LiteDb\Stock.Repository.LiteDb.csproj", "{0F694719-2BD1-4CC6-8A9E-6DF448D0A70E}"
EndProject
Global
	GlobalSection(SolutionConfigurationPlatforms) = preSolution
		Debug|Any CPU = Debug|Any CPU
		Release|Any CPU = Release|Any CPU
	EndGlobalSection
	GlobalSection(ProjectConfigurationPlatforms) = postSolution
		{490676AD-1294-43E4-A541-817D8941283E}.Debug|Any CPU.ActiveCfg = Debug|Any CPU
		{490676AD-1294-43E4-A541-817D8941283E}.Debug|Any CPU.Build.0 = Debug|Any CPU
		{490676AD-1294-43E4-A541-817D8941283E}.Release|Any CPU.ActiveCfg = Release|Any CPU
		{490676AD-1294-43E4-A541-817D8941283E}.Release|Any CPU.Build.0 = Release|Any CPU
		{760C0AC6-EC0C-48CC-ADCE-BB5236E210D0}.Debug|Any CPU.ActiveCfg = Debug|Any CPU
		{760C0AC6-EC0C-48CC-ADCE-BB5236E210D0}.Debug|Any CPU.Build.0 = Debug|Any CPU
		{760C0AC6-EC0C-48CC-ADCE-BB5236E210D0}.Release|Any CPU.ActiveCfg = Release|Any CPU
		{760C0AC6-EC0C-48CC-ADCE-BB5236E210D0}.Release|Any CPU.Build.0 = Release|Any CPU
		{C6B88B73-BAD0-4792-A2E3-CA4B1C492739}.Debug|Any CPU.ActiveCfg = Debug|Any CPU
		{C6B88B73-BAD0-4792-A2E3-CA4B1C492739}.Debug|Any CPU.Build.0 = Debug|Any CPU
		{C6B88B73-BAD0-4792-A2E3-CA4B1C492739}.Release|Any CPU.ActiveCfg = Release|Any CPU
		{C6B88B73-BAD0-4792-A2E3-CA4B1C492739}.Release|Any CPU.Build.0 = Release|Any CPU
		{EEB274CD-B59E-420C-BF54-1F27B286AE5F}.Debug|Any CPU.ActiveCfg = Debug|Any CPU
		{EEB274CD-B59E-420C-BF54-1F27B286AE5F}.Debug|Any CPU.Build.0 = Debug|Any CPU
		{EEB274CD-B59E-420C-BF54-1F27B286AE5F}.Release|Any CPU.ActiveCfg = Release|Any CPU
		{EEB274CD-B59E-420C-BF54-1F27B286AE5F}.Release|Any CPU.Build.0 = Release|Any CPU
		{0F694719-2BD1-4CC6-8A9E-6DF448D0A70E}.Debug|Any CPU.ActiveCfg = Debug|Any CPU
		{0F694719-2BD1-4CC6-8A9E-6DF448D0A70E}.Debug|Any CPU.Build.0 = Debug|Any CPU
		{0F694719-2BD1-4CC6-8A9E-6DF448D0A70E}.Release|Any CPU.ActiveCfg = Release|Any CPU
		{0F694719-2BD1-4CC6-8A9E-6DF448D0A70E}.Release|Any CPU.Build.0 = Release|Any CPU
	EndGlobalSection
	GlobalSection(SolutionProperties) = preSolution
		HideSolutionNode = FALSE
	EndGlobalSection
	GlobalSection(ExtensibilityGlobals) = postSolution
		SolutionGuid = {057B6088-B09A-4EA6-AAA9-8F0D66288336}
	EndGlobalSection
	GlobalSection(TeamFoundationVersionControl) = preSolution
		SccNumberOfProjects = 5
		SccEnterpriseProvider = {4CA58AB2-18FA-4F8D-95D4-32DDF27D184C}
		SccTeamFoundationServer = https://ntcd.visualstudio.com/
		SccLocalPath0 = .
		SccProjectUniqueName1 = Stock.Api\\Stock.Api.csproj
		SccProjectName1 = Stock.Api
		SccLocalPath1 = Stock.Api
		SccProjectUniqueName2 = Stock.Model\\Stock.Model.csproj
		SccProjectName2 = Stock.Model
		SccLocalPath2 = Stock.Model
		SccProjectUniqueName3 = Stock.Repository\\Stock.Repository.csproj
		SccProjectName3 = Stock.Repository
		SccLocalPath3 = Stock.Repository
		SccProjectUniqueName4 = Stock.AppService\\Stock.AppService.csproj
		SccProjectName4 = Stock.AppService
		SccLocalPath4 = Stock.AppService
	EndGlobalSection
EndGlobal
